
Microsoft Visual Studio Solution File, Format Version 12.00
# Visual Studio Version 17
VisualStudioVersion = 17.11.35327.3
MinimumVisualStudioVersion = 10.0.40219.1
Project("{9A19103F-16F7-4668-BE54-9A1E7A4F7556}") = "AgileControl.API", "AgileControl.API\AgileControl.API.csproj", "{423A7C25-613D-48FF-A9B6-1019D3DB1511}"
EndProject
Project("{9A19103F-16F7-4668-BE54-9A1E7A4F7556}") = "AgileControl.Domain", "AgileControl.Domain\AgileControl.Domain.csproj", "{555FE452-187A-45D6-B20D-B7D5B9D17860}"
EndProject
Project("{9A19103F-16F7-4668-BE54-9A1E7A4F7556}") = "AgileControl.Applicaion", "AgileControl.Applicaion\AgileControl.Applicaion.csproj", "{D7445204-9AF9-44E5-99F7-1E6381DCA1B9}"
EndProject
Project("{9A19103F-16F7-4668-BE54-9A1E7A4F7556}") = "AgileControl.Infrastructure", "AgileControl.Infrastructure\AgileControl.Infrastructure.csproj", "{DB2C0E32-54A2-447F-A1F5-A09E0A57AEA9}"
EndProject
Project("{9A19103F-16F7-4668-BE54-9A1E7A4F7556}") = "AgileControl.Shared", "AgileControl.Shared\AgileControl.Shared.csproj", "{E4B7F392-B636-4FC8-A212-59588D7CCE09}"
EndProject
Project("{E53339B2-1760-4266-BCC7-CA923CBCF16C}") = "docker-compose", "docker-compose.dcproj", "{AF1CC097-3DB9-42D2-8170-D1C12DE35C73}"
EndProject
Global
	GlobalSection(SolutionConfigurationPlatforms) = preSolution
		Debug|Any CPU = Debug|Any CPU
		Release|Any CPU = Release|Any CPU
	EndGlobalSection
	GlobalSection(ProjectConfigurationPlatforms) = postSolution
		{423A7C25-613D-48FF-A9B6-1019D3DB1511}.Debug|Any CPU.ActiveCfg = Debug|Any CPU
		{423A7C25-613D-48FF-A9B6-1019D3DB1511}.Debug|Any CPU.Build.0 = Debug|Any CPU
		{423A7C25-613D-48FF-A9B6-1019D3DB1511}.Release|Any CPU.ActiveCfg = Release|Any CPU
		{423A7C25-613D-48FF-A9B6-1019D3DB1511}.Release|Any CPU.Build.0 = Release|Any CPU
		{555FE452-187A-45D6-B20D-B7D5B9D17860}.Debug|Any CPU.ActiveCfg = Debug|Any CPU
		{555FE452-187A-45D6-B20D-B7D5B9D17860}.Debug|Any CPU.Build.0 = Debug|Any CPU
		{555FE452-187A-45D6-B20D-B7D5B9D17860}.Release|Any CPU.ActiveCfg = Release|Any CPU
		{555FE452-187A-45D6-B20D-B7D5B9D17860}.Release|Any CPU.Build.0 = Release|Any CPU
		{D7445204-9AF9-44E5-99F7-1E6381DCA1B9}.Debug|Any CPU.ActiveCfg = Debug|Any CPU
		{D7445204-9AF9-44E5-99F7-1E6381DCA1B9}.Debug|Any CPU.Build.0 = Debug|Any CPU
		{D7445204-9AF9-44E5-99F7-1E6381DCA1B9}.Release|Any CPU.ActiveCfg = Release|Any CPU
		{D7445204-9AF9-44E5-99F7-1E6381DCA1B9}.Release|Any CPU.Build.0 = Release|Any CPU
		{DB2C0E32-54A2-447F-A1F5-A09E0A57AEA9}.Debug|Any CPU.ActiveCfg = Debug|Any CPU
		{DB2C0E32-54A2-447F-A1F5-A09E0A57AEA9}.Debug|Any CPU.Build.0 = Debug|Any CPU
		{DB2C0E32-54A2-447F-A1F5-A09E0A57AEA9}.Release|Any CPU.ActiveCfg = Release|Any CPU
		{DB2C0E32-54A2-447F-A1F5-A09E0A57AEA9}.Release|Any CPU.Build.0 = Release|Any CPU
		{E4B7F392-B636-4FC8-A212-59588D7CCE09}.Debug|Any CPU.ActiveCfg = Debug|Any CPU
		{E4B7F392-B636-4FC8-A212-59588D7CCE09}.Debug|Any CPU.Build.0 = Debug|Any CPU
		{E4B7F392-B636-4FC8-A212-59588D7CCE09}.Release|Any CPU.ActiveCfg = Release|Any CPU
		{E4B7F392-B636-4FC8-A212-59588D7CCE09}.Release|Any CPU.Build.0 = Release|Any CPU
		{AF1CC097-3DB9-42D2-8170-D1C12DE35C73}.Debug|Any CPU.ActiveCfg = Debug|Any CPU
		{AF1CC097-3DB9-42D2-8170-D1C12DE35C73}.Debug|Any CPU.Build.0 = Debug|Any CPU
		{AF1CC097-3DB9-42D2-8170-D1C12DE35C73}.Release|Any CPU.ActiveCfg = Release|Any CPU
		{AF1CC097-3DB9-42D2-8170-D1C12DE35C73}.Release|Any CPU.Build.0 = Release|Any CPU
	EndGlobalSection
	GlobalSection(SolutionProperties) = preSolution
		HideSolutionNode = FALSE
	EndGlobalSection
	GlobalSection(ExtensibilityGlobals) = postSolution
		SolutionGuid = {105F04E2-42B2-45A4-B673-EFAEB4523029}
	EndGlobalSection
EndGlobal
